
Microsoft Visual Studio Solution File, Format Version 12.00
# Visual Studio Version 16
VisualStudioVersion = 16.0.30114.105
MinimumVisualStudioVersion = 10.0.40219.1
Project("{E53339B2-1760-4266-BCC7-CA923CBCF16C}") = "docker-compose", "src\docker-compose.dcproj", "{6D8FE8D8-AE83-4E76-B0AD-56E884790530}"
EndProject
Project("{FAE04EC0-301F-11D3-BF4B-00C04F79EFBC}") = "BackEnd.UnitTests", "tests\BackEnd.UnitTests\BackEnd.UnitTests.csproj", "{21DA4508-E02E-46C6-BE9A-7C19AB585B0A}"
EndProject
Project("{FAE04EC0-301F-11D3-BF4B-00C04F79EFBC}") = "BackEnd.Domain", "src\BackEnd.Domain\BackEnd.Domain.csproj", "{B882C10F-F19B-4DBE-8531-84431D790C90}"
EndProject
Project("{FAE04EC0-301F-11D3-BF4B-00C04F79EFBC}") = "BackEnd.Application", "src\BackEnd.Application\BackEnd.Application.csproj", "{61B03C34-7BE3-44F7-AB24-880E446BC844}"
EndProject
Project("{FAE04EC0-301F-11D3-BF4B-00C04F79EFBC}") = "BackEnd.Infra.Data.EF", "src\BackEnd.Infra.Data.EF\BackEnd.Infra.Data.EF.csproj", "{64B20782-F2DA-4619-AEFC-80B28C270A3A}"
EndProject
Project("{FAE04EC0-301F-11D3-BF4B-00C04F79EFBC}") = "BackEnd.CrossCutting", "src\BackEnd.CrossCutting\BackEnd.CrossCutting.csproj", "{8AC7C6A5-9AEC-43BB-BB67-F06E2FE2AA82}"
EndProject
Project("{FAE04EC0-301F-11D3-BF4B-00C04F79EFBC}") = "BackEnd.Api", "src\BackEnd.Api\BackEnd.Api.csproj", "{E41F9770-E80C-4332-90F6-4C03D0A92030}"
EndProject
Project("{FAE04EC0-301F-11D3-BF4B-00C04F79EFBC}") = "BackEnd.IntegrationTests", "tests\BackEnd.IntegrationTests\BackEnd.IntegrationTests.csproj", "{825E53A9-214B-4FAF-BA6E-111B957E90B3}"
EndProject
Global
	GlobalSection(SolutionConfigurationPlatforms) = preSolution
		Debug|Any CPU = Debug|Any CPU
		Release|Any CPU = Release|Any CPU
	EndGlobalSection
	GlobalSection(SolutionProperties) = preSolution
		HideSolutionNode = FALSE
	EndGlobalSection
	GlobalSection(ProjectConfigurationPlatforms) = postSolution
		{6D8FE8D8-AE83-4E76-B0AD-56E884790530}.Debug|Any CPU.ActiveCfg = Debug|Any CPU
		{6D8FE8D8-AE83-4E76-B0AD-56E884790530}.Debug|Any CPU.Build.0 = Debug|Any CPU
		{6D8FE8D8-AE83-4E76-B0AD-56E884790530}.Release|Any CPU.ActiveCfg = Release|Any CPU
		{6D8FE8D8-AE83-4E76-B0AD-56E884790530}.Release|Any CPU.Build.0 = Release|Any CPU
		{21DA4508-E02E-46C6-BE9A-7C19AB585B0A}.Debug|Any CPU.ActiveCfg = Debug|Any CPU
		{21DA4508-E02E-46C6-BE9A-7C19AB585B0A}.Debug|Any CPU.Build.0 = Debug|Any CPU
		{21DA4508-E02E-46C6-BE9A-7C19AB585B0A}.Release|Any CPU.ActiveCfg = Release|Any CPU
		{21DA4508-E02E-46C6-BE9A-7C19AB585B0A}.Release|Any CPU.Build.0 = Release|Any CPU
		{B882C10F-F19B-4DBE-8531-84431D790C90}.Debug|Any CPU.ActiveCfg = Debug|Any CPU
		{B882C10F-F19B-4DBE-8531-84431D790C90}.Debug|Any CPU.Build.0 = Debug|Any CPU
		{B882C10F-F19B-4DBE-8531-84431D790C90}.Release|Any CPU.ActiveCfg = Release|Any CPU
		{B882C10F-F19B-4DBE-8531-84431D790C90}.Release|Any CPU.Build.0 = Release|Any CPU
		{61B03C34-7BE3-44F7-AB24-880E446BC844}.Debug|Any CPU.ActiveCfg = Debug|Any CPU
		{61B03C34-7BE3-44F7-AB24-880E446BC844}.Debug|Any CPU.Build.0 = Debug|Any CPU
		{61B03C34-7BE3-44F7-AB24-880E446BC844}.Release|Any CPU.ActiveCfg = Release|Any CPU
		{61B03C34-7BE3-44F7-AB24-880E446BC844}.Release|Any CPU.Build.0 = Release|Any CPU
		{64B20782-F2DA-4619-AEFC-80B28C270A3A}.Debug|Any CPU.ActiveCfg = Debug|Any CPU
		{64B20782-F2DA-4619-AEFC-80B28C270A3A}.Debug|Any CPU.Build.0 = Debug|Any CPU
		{64B20782-F2DA-4619-AEFC-80B28C270A3A}.Release|Any CPU.ActiveCfg = Release|Any CPU
		{64B20782-F2DA-4619-AEFC-80B28C270A3A}.Release|Any CPU.Build.0 = Release|Any CPU
		{8AC7C6A5-9AEC-43BB-BB67-F06E2FE2AA82}.Debug|Any CPU.ActiveCfg = Debug|Any CPU
		{8AC7C6A5-9AEC-43BB-BB67-F06E2FE2AA82}.Debug|Any CPU.Build.0 = Debug|Any CPU
		{8AC7C6A5-9AEC-43BB-BB67-F06E2FE2AA82}.Release|Any CPU.ActiveCfg = Release|Any CPU
		{8AC7C6A5-9AEC-43BB-BB67-F06E2FE2AA82}.Release|Any CPU.Build.0 = Release|Any CPU
		{E41F9770-E80C-4332-90F6-4C03D0A92030}.Debug|Any CPU.ActiveCfg = Debug|Any CPU
		{E41F9770-E80C-4332-90F6-4C03D0A92030}.Debug|Any CPU.Build.0 = Debug|Any CPU
		{E41F9770-E80C-4332-90F6-4C03D0A92030}.Release|Any CPU.ActiveCfg = Release|Any CPU
		{E41F9770-E80C-4332-90F6-4C03D0A92030}.Release|Any CPU.Build.0 = Release|Any CPU
		{B40C7B9F-C34E-4371-96D8-DFB4A7573662}.Debug|Any CPU.ActiveCfg = Debug|Any CPU
		{B40C7B9F-C34E-4371-96D8-DFB4A7573662}.Debug|Any CPU.Build.0 = Debug|Any CPU
		{B40C7B9F-C34E-4371-96D8-DFB4A7573662}.Release|Any CPU.ActiveCfg = Release|Any CPU
		{B40C7B9F-C34E-4371-96D8-DFB4A7573662}.Release|Any CPU.Build.0 = Release|Any CPU
		{825E53A9-214B-4FAF-BA6E-111B957E90B3}.Debug|Any CPU.ActiveCfg = Debug|Any CPU
		{825E53A9-214B-4FAF-BA6E-111B957E90B3}.Debug|Any CPU.Build.0 = Debug|Any CPU
		{825E53A9-214B-4FAF-BA6E-111B957E90B3}.Release|Any CPU.ActiveCfg = Release|Any CPU
		{825E53A9-214B-4FAF-BA6E-111B957E90B3}.Release|Any CPU.Build.0 = Release|Any CPU
	EndGlobalSection
	GlobalSection(NestedProjects) = preSolution
	EndGlobalSection
EndGlobal